{
  "version": "5",
  "specifiers": {
    "npm:@hono/zod-validator@~0.7.2": "0.7.2_hono@4.9.1_zod@4.0.17",
    "npm:@valtown/ls-ws-server@^0.0.10": "0.0.10_@codemirror+autocomplete@6.18.6_@codemirror+lint@6.8.5_@codemirror+state@6.5.2_@codemirror+view@6.38.1_codemirror@6.0.2",
    "npm:hono@^4.9.1": "4.9.1",
    "npm:vscode-languageserver-protocol@^3.17.5": "3.17.5",
    "npm:zod@^4.0.17": "4.0.17"
  },
  "npm": {
    "@codemirror/autocomplete@6.18.6": {
      "integrity": "sha512-PHHBXFomUs5DF+9tCOM/UoW6XQ4R44lLNNhRaW9PKPTU0D7lIjRg3ElxaJnTwsl/oHiR93WSXDBrekhoUGCPtg==",
      "dependencies": [
        "@codemirror/language",
        "@codemirror/state",
        "@codemirror/view",
        "@lezer/common"
      ]
    },
    "@codemirror/commands@6.8.1": {
      "integrity": "sha512-KlGVYufHMQzxbdQONiLyGQDUW0itrLZwq3CcY7xpv9ZLRHqzkBSoteocBHtMCoY7/Ci4xhzSrToIeLg7FxHuaw==",
      "dependencies": [
        "@codemirror/language",
        "@codemirror/state",
        "@codemirror/view",
        "@lezer/common"
      ]
    },
    "@codemirror/language@6.11.2": {
      "integrity": "sha512-p44TsNArL4IVXDTbapUmEkAlvWs2CFQbcfc0ymDsis1kH2wh0gcY96AS29c/vp2d0y2Tquk1EDSaawpzilUiAw==",
      "dependencies": [
        "@codemirror/state",
        "@codemirror/view",
        "@lezer/common",
        "@lezer/highlight",
        "@lezer/lr",
        "style-mod"
      ]
    },
    "@codemirror/lint@6.8.5": {
      "integrity": "sha512-s3n3KisH7dx3vsoeGMxsbRAgKe4O1vbrnKBClm99PU0fWxmxsx5rR2PfqQgIt+2MMJBHbiJ5rfIdLYfB9NNvsA==",
      "dependencies": [
        "@codemirror/state",
        "@codemirror/view",
        "crelt"
      ]
    },
    "@codemirror/search@6.5.11": {
      "integrity": "sha512-KmWepDE6jUdL6n8cAAqIpRmLPBZ5ZKnicE8oGU/s3QrAVID+0VhLFrzUucVKHG5035/BSykhExDL/Xm7dHthiA==",
      "dependencies": [
        "@codemirror/state",
        "@codemirror/view",
        "crelt"
      ]
    },
    "@codemirror/state@6.5.2": {
      "integrity": "sha512-FVqsPqtPWKVVL3dPSxy8wEF/ymIEuVzF1PK3VbUgrxXpJUSHQWWZz4JMToquRxnkw+36LTamCZG2iua2Ptq0fA==",
      "dependencies": [
        "@marijn/find-cluster-break"
      ]
    },
    "@codemirror/view@6.38.1": {
      "integrity": "sha512-RmTOkE7hRU3OVREqFVITWHz6ocgBjv08GoePscAakgVQfciA3SGCEk7mb9IzwW61cKKmlTpHXG6DUE5Ubx+MGQ==",
      "dependencies": [
        "@codemirror/state",
        "crelt",
        "style-mod",
        "w3c-keyname"
      ]
    },
    "@hono/zod-validator@0.7.2_hono@4.9.1_zod@4.0.17": {
      "integrity": "sha512-ub5eL/NeZ4eLZawu78JpW/J+dugDAYhwqUIdp9KYScI6PZECij4Hx4UsrthlEUutqDDhPwRI0MscUfNkvn/mqQ==",
      "dependencies": [
        "hono",
        "zod"
      ]
    },
    "@lezer/common@1.2.3": {
      "integrity": "sha512-w7ojc8ejBqr2REPsWxJjrMFsA/ysDCFICn8zEOR9mrqzOu2amhITYuLD8ag6XZf0CFXDrhKqw7+tW8cX66NaDA=="
    },
    "@lezer/highlight@1.2.1": {
      "integrity": "sha512-Z5duk4RN/3zuVO7Jq0pGLJ3qynpxUVsh7IbUbGj88+uV2ApSAn6kWg2au3iJb+0Zi7kKtqffIESgNcRXWZWmSA==",
      "dependencies": [
        "@lezer/common"
      ]
    },
    "@lezer/lr@1.4.2": {
      "integrity": "sha512-pu0K1jCIdnQ12aWNaAVU5bzi7Bd1w54J3ECgANPmYLtQKP0HBj2cE/5coBD66MT10xbtIuUr7tg0Shbsvk0mDA==",
      "dependencies": [
        "@lezer/common"
      ]
    },
    "@marijn/find-cluster-break@1.0.2": {
      "integrity": "sha512-l0h88YhZFyKdXIFNfSWpyjStDjGHwZ/U7iobcK1cQQD8sejsONdQtTVU+1wVN1PBw40PiiHB1vA5S7VTfQiP9g=="
    },
    "@sec-ant/readable-stream@0.4.1": {
      "integrity": "sha512-831qok9r2t8AlxLko40y2ebgSDhenenCatLVeW/uBtnHPyhHOvG0C7TvfgecV+wHzIm5KUICgzmVpWS+IMEAeg=="
    },
    "@sindresorhus/merge-streams@4.0.0": {
      "integrity": "sha512-tlqY9xq5ukxTUZBmoOp+m61cqwQD5pHJtFY3Mn8CA8ps6yghLH/Hw8UPdqg4OLmFW3IFlcXnQNmo/dh8HzXYIQ=="
    },
    "@valtown/ls-ws-server@0.0.10_@codemirror+autocomplete@6.18.6_@codemirror+lint@6.8.5_@codemirror+state@6.5.2_@codemirror+view@6.38.1_codemirror@6.0.2": {
      "integrity": "sha512-C9tX6+CtleaVrBM5AAtGRRjY7xXsey1kQwxsYFfvcVwH25dIytvlWuVqwL9i5KF7vUd+y8OtLKp6AdtYU+k/WA==",
      "dependencies": [
        "@codemirror/autocomplete",
        "@codemirror/lint",
        "@codemirror/state",
        "@codemirror/view",
        "codemirror",
        "es-toolkit",
        "execa",
        "isomorphic-ws",
        "json-rpc-2.0",
        "p-queue",
        "pino",
        "vscode-jsonrpc@8.2.1",
        "vscode-languageserver-protocol",
        "vscode-uri"
      ]
    },
    "atomic-sleep@1.0.0": {
      "integrity": "sha512-kNOjDqAh7px0XWNI+4QbzoiR/nTkHAWNud2uvnJquD1/x5a7EQZMJT0AczqK0Qn67oY/TTQ1LbUKajZpp3I9tQ=="
    },
    "codemirror@6.0.2": {
      "integrity": "sha512-VhydHotNW5w1UGK0Qj96BwSk/Zqbp9WbnyK2W/eVMv4QyF41INRGpjUhFJY7/uDNuudSc33a/PKr4iDqRduvHw==",
      "dependencies": [
        "@codemirror/autocomplete",
        "@codemirror/commands",
        "@codemirror/language",
        "@codemirror/lint",
        "@codemirror/search",
        "@codemirror/state",
        "@codemirror/view"
      ]
    },
    "crelt@1.0.6": {
      "integrity": "sha512-VQ2MBenTq1fWZUH9DJNGti7kKv6EeAuYr3cLwxUWhIu1baTaXh4Ib5W2CqHVqib4/MqbYGJqiL3Zb8GJZr3l4g=="
    },
    "cross-spawn@7.0.6": {
      "integrity": "sha512-uV2QOWP2nWzsy2aMp8aRibhi9dlzF5Hgh5SHaB9OiTGEyDTiJJyx0uy51QXdyWbtAHNua4XJzUKca3OzKUd3vA==",
      "dependencies": [
        "path-key@3.1.1",
        "shebang-command",
        "which"
      ]
    },
    "es-toolkit@1.39.9": {
      "integrity": "sha512-9OtbkZmTA2Qc9groyA1PUNeb6knVTkvB2RSdr/LcJXDL8IdEakaxwXLHXa7VX/Wj0GmdMJPR3WhnPGhiP3E+qg=="
    },
    "eventemitter3@5.0.1": {
      "integrity": "sha512-GWkBvjiSZK87ELrYOSESUYeVIc9mvLLf/nXalMOS5dYrgZq9o5OVkbZAVM06CVxYsCwH9BDZFPlQTlPA1j4ahA=="
    },
    "execa@9.6.0": {
      "integrity": "sha512-jpWzZ1ZhwUmeWRhS7Qv3mhpOhLfwI+uAX4e5fOcXqwMR7EcJ0pj2kV1CVzHVMX/LphnKWD3LObjZCoJ71lKpHw==",
      "dependencies": [
        "@sindresorhus/merge-streams",
        "cross-spawn",
        "figures",
        "get-stream",
        "human-signals",
        "is-plain-obj",
        "is-stream",
        "npm-run-path",
        "pretty-ms",
        "signal-exit",
        "strip-final-newline",
        "yoctocolors"
      ]
    },
    "fast-redact@3.5.0": {
      "integrity": "sha512-dwsoQlS7h9hMeYUq1W++23NDcBLV4KqONnITDV9DjfS3q1SgDGVrBdvvTLUotWtPSD7asWDV9/CmsZPy8Hf70A=="
    },
    "figures@6.1.0": {
      "integrity": "sha512-d+l3qxjSesT4V7v2fh+QnmFnUWv9lSpjarhShNTgBOfA0ttejbQUAlHLitbjkoRiDulW0OPoQPYIGhIC8ohejg==",
      "dependencies": [
        "is-unicode-supported"
      ]
    },
    "get-stream@9.0.1": {
      "integrity": "sha512-kVCxPF3vQM/N0B1PmoqVUqgHP+EeVjmZSQn+1oCRPxd2P21P2F19lIgbR3HBosbB1PUhOAoctJnfEn2GbN2eZA==",
      "dependencies": [
        "@sec-ant/readable-stream",
        "is-stream"
      ]
    },
    "hono@4.9.1": {
      "integrity": "sha512-qfvdJ42t6CQE0N/iSCa8KsW8SQqYD67YB+TYbwPHlnALvX+s7ynh8otR1NEk5jXtUg73gpV/B82OSufDmwtX3w=="
    },
    "human-signals@8.0.1": {
      "integrity": "sha512-eKCa6bwnJhvxj14kZk5NCPc6Hb6BdsU9DZcOnmQKSnO1VKrfV0zCvtttPZUsBvjmNDn8rpcJfpwSYnHBjc95MQ=="
    },
    "is-plain-obj@4.1.0": {
      "integrity": "sha512-+Pgi+vMuUNkJyExiMBt5IlFoMyKnr5zhJ4Uspz58WOhBF5QoIZkFyNHIbBAtHwzVAgk5RtndVNsDRN61/mmDqg=="
    },
    "is-stream@4.0.1": {
      "integrity": "sha512-Dnz92NInDqYckGEUJv689RbRiTSEHCQ7wOVeALbkOz999YpqT46yMRIGtSNl2iCL1waAZSx40+h59NV/EwzV/A=="
    },
    "is-unicode-supported@2.1.0": {
      "integrity": "sha512-mE00Gnza5EEB3Ds0HfMyllZzbBrmLOX3vfWoj9A9PEnTfratQ/BcaJOuMhnkhjXvb2+FkY3VuHqtAGpTPmglFQ=="
    },
    "isexe@2.0.0": {
      "integrity": "sha512-RHxMLp9lnKHGHRng9QFhRCMbYAcVpn69smSGcq3f36xjgVVWThj4qqLbTLlq7Ssj8B+fIQ1EuCEGI2lKsyQeIw=="
    },
    "isomorphic-ws@5.0.0_ws@8.18.3": {
      "integrity": "sha512-muId7Zzn9ywDsyXgTIafTry2sV3nySZeUDe6YedVd1Hvuuep5AsIlqK+XefWpYTyJG5e503F2xIuT2lcU6rCSw==",
      "dependencies": [
        "ws"
      ]
    },
    "json-rpc-2.0@1.7.1": {
      "integrity": "sha512-JqZjhjAanbpkXIzFE7u8mE/iFblawwlXtONaCvRqI+pyABVz7B4M1EUNpyVW+dZjqgQ2L5HFmZCmOCgUKm00hg=="
    },
    "npm-run-path@6.0.0": {
      "integrity": "sha512-9qny7Z9DsQU8Ou39ERsPU4OZQlSTP47ShQzuKZ6PRXpYLtIFgl/DEBYEXKlvcEa+9tHVcK8CF81Y2V72qaZhWA==",
      "dependencies": [
        "path-key@4.0.0",
        "unicorn-magic"
      ]
    },
    "on-exit-leak-free@2.1.2": {
      "integrity": "sha512-0eJJY6hXLGf1udHwfNftBqH+g73EU4B504nZeKpz1sYRKafAghwxEJunB2O7rDZkL4PGfsMVnTXZ2EjibbqcsA=="
    },
    "p-queue@8.1.0": {
      "integrity": "sha512-mxLDbbGIBEXTJL0zEx8JIylaj3xQ7Z/7eEVjcF9fJX4DBiH9oqe+oahYnlKKxm0Ci9TlWTyhSHgygxMxjIB2jw==",
      "dependencies": [
        "eventemitter3",
        "p-timeout"
      ]
    },
    "p-timeout@6.1.4": {
      "integrity": "sha512-MyIV3ZA/PmyBN/ud8vV9XzwTrNtR4jFrObymZYnZqMmW0zA8Z17vnT0rBgFE/TlohB+YCHqXMgZzb3Csp49vqg=="
    },
    "parse-ms@4.0.0": {
      "integrity": "sha512-TXfryirbmq34y8QBwgqCVLi+8oA3oWx2eAnSn62ITyEhEYaWRlVZ2DvMM9eZbMs/RfxPu/PK/aBLyGj4IrqMHw=="
    },
    "path-key@3.1.1": {
      "integrity": "sha512-ojmeN0qd+y0jszEtoY48r0Peq5dwMEkIlCOu6Q5f41lfkswXuKtYrhgoTpLnyIcHm24Uhqx+5Tqm2InSwLhE6Q=="
    },
    "path-key@4.0.0": {
      "integrity": "sha512-haREypq7xkM7ErfgIyA0z+Bj4AGKlMSdlQE2jvJo6huWD1EdkKYV+G/T4nq0YEF2vgTT8kqMFKo1uHn950r4SQ=="
    },
    "pino-abstract-transport@2.0.0": {
      "integrity": "sha512-F63x5tizV6WCh4R6RHyi2Ml+M70DNRXt/+HANowMflpgGFMAym/VKm6G7ZOQRjqN7XbGxK1Lg9t6ZrtzOaivMw==",
      "dependencies": [
        "split2"
      ]
    },
    "pino-std-serializers@7.0.0": {
      "integrity": "sha512-e906FRY0+tV27iq4juKzSYPbUj2do2X2JX4EzSca1631EB2QJQUqGbDuERal7LCtOpxl6x3+nvo9NPZcmjkiFA=="
    },
    "pino@9.9.0": {
      "integrity": "sha512-zxsRIQG9HzG+jEljmvmZupOMDUQ0Jpj0yAgE28jQvvrdYTlEaiGwelJpdndMl/MBuRr70heIj83QyqJUWaU8mQ==",
      "dependencies": [
        "atomic-sleep",
        "fast-redact",
        "on-exit-leak-free",
        "pino-abstract-transport",
        "pino-std-serializers",
        "process-warning",
        "quick-format-unescaped",
        "real-require",
        "safe-stable-stringify",
        "sonic-boom",
        "thread-stream"
      ],
      "bin": true
    },
    "pretty-ms@9.2.0": {
      "integrity": "sha512-4yf0QO/sllf/1zbZWYnvWw3NxCQwLXKzIj0G849LSufP15BXKM0rbD2Z3wVnkMfjdn/CB0Dpp444gYAACdsplg==",
      "dependencies": [
        "parse-ms"
      ]
    },
    "process-warning@5.0.0": {
      "integrity": "sha512-a39t9ApHNx2L4+HBnQKqxxHNs1r7KF+Intd8Q/g1bUh6q0WIp9voPXJ/x0j+ZL45KF1pJd9+q2jLIRMfvEshkA=="
    },
    "quick-format-unescaped@4.0.4": {
      "integrity": "sha512-tYC1Q1hgyRuHgloV/YXs2w15unPVh8qfu/qCTfhTYamaw7fyhumKa2yGpdSo87vY32rIclj+4fWYQXUMs9EHvg=="
    },
    "real-require@0.2.0": {
      "integrity": "sha512-57frrGM/OCTLqLOAh0mhVA9VBMHd+9U7Zb2THMGdBUoZVOtGbJzjxsYGDJ3A9AYYCP4hn6y1TVbaOfzWtm5GFg=="
    },
    "safe-stable-stringify@2.5.0": {
      "integrity": "sha512-b3rppTKm9T+PsVCBEOUR46GWI7fdOs00VKZ1+9c1EWDaDMvjQc6tUwuFyIprgGgTcWoVHSKrU8H31ZHA2e0RHA=="
    },
    "shebang-command@2.0.0": {
      "integrity": "sha512-kHxr2zZpYtdmrN1qDjrrX/Z1rR1kG8Dx+gkpK1G4eXmvXswmcE1hTWBWYUzlraYw1/yZp6YuDY77YtvbN0dmDA==",
      "dependencies": [
        "shebang-regex"
      ]
    },
    "shebang-regex@3.0.0": {
      "integrity": "sha512-7++dFhtcx3353uBaq8DDR4NuxBetBzC7ZQOhmTQInHEd6bSrXdiEyzCvG07Z44UYdLShWUyXt5M/yhz8ekcb1A=="
    },
    "signal-exit@4.1.0": {
      "integrity": "sha512-bzyZ1e88w9O1iNJbKnOlvYTrWPDl46O1bG0D3XInv+9tkPrxrN8jUUTiFlDkkmKWgn1M6CfIA13SuGqOa9Korw=="
    },
    "sonic-boom@4.2.0": {
      "integrity": "sha512-INb7TM37/mAcsGmc9hyyI6+QR3rR1zVRu36B0NeGXKnOOLiZOfER5SA+N7X7k3yUYRzLWafduTDvJAfDswwEww==",
      "dependencies": [
        "atomic-sleep"
      ]
    },
    "split2@4.2.0": {
      "integrity": "sha512-UcjcJOWknrNkF6PLX83qcHM6KHgVKNkV62Y8a5uYDVv9ydGQVwAHMKqHdJje1VTWpljG0WYpCDhrCdAOYH4TWg=="
    },
    "strip-final-newline@4.0.0": {
      "integrity": "sha512-aulFJcD6YK8V1G7iRB5tigAP4TsHBZZrOV8pjV++zdUwmeV8uzbY7yn6h9MswN62adStNZFuCIx4haBnRuMDaw=="
    },
    "style-mod@4.1.2": {
      "integrity": "sha512-wnD1HyVqpJUI2+eKZ+eo1UwghftP6yuFheBqqe+bWCotBjC2K1YnteJILRMs3SM4V/0dLEW1SC27MWP5y+mwmw=="
    },
    "thread-stream@3.1.0": {
      "integrity": "sha512-OqyPZ9u96VohAyMfJykzmivOrY2wfMSf3C5TtFJVgN+Hm6aj+voFhlK+kZEIv2FBh1X6Xp3DlnCOfEQ3B2J86A==",
      "dependencies": [
        "real-require"
      ]
    },
    "unicorn-magic@0.3.0": {
      "integrity": "sha512-+QBBXBCvifc56fsbuxZQ6Sic3wqqc3WWaqxs58gvJrcOuN83HGTCwz3oS5phzU9LthRNE9VrJCFCLUgHeeFnfA=="
    },
    "vscode-jsonrpc@8.2.0": {
      "integrity": "sha512-C+r0eKJUIfiDIfwJhria30+TYWPtuHJXHtI7J0YlOmKAo7ogxP20T0zxB7HZQIFhIyvoBPwWskjxrvAtfjyZfA=="
    },
    "vscode-jsonrpc@8.2.1": {
      "integrity": "sha512-kdjOSJ2lLIn7r1rtrMbbNCHjyMPfRnowdKjBQ+mGq6NAW5QY2bEZC/khaC5OR8svbbjvLEaIXkOq45e2X9BIbQ=="
    },
    "vscode-languageserver-protocol@3.17.5": {
      "integrity": "sha512-mb1bvRJN8SVznADSGWM9u/b07H7Ecg0I3OgXDuLdn307rl/J3A9YD6/eYOssqhecL27hK1IPZAsaqh00i/Jljg==",
      "dependencies": [
        "vscode-jsonrpc@8.2.0",
        "vscode-languageserver-types"
      ]
    },
    "vscode-languageserver-types@3.17.5": {
      "integrity": "sha512-Ld1VelNuX9pdF39h2Hgaeb5hEZM2Z3jUrrMgWQAu82jMtZp7p3vJT3BzToKtZI7NgQssZje5o0zryOrhQvzQAg=="
    },
    "vscode-uri@3.1.0": {
      "integrity": "sha512-/BpdSx+yCQGnCvecbyXdxHDkuk55/G3xwnC0GqY4gmQ3j+A+g8kzzgB4Nk/SINjqn6+waqw3EgbVF2QKExkRxQ=="
    },
    "w3c-keyname@2.2.8": {
      "integrity": "sha512-dpojBhNsCNN7T82Tm7k26A6G9ML3NkhDsnw9n/eoxSRlVBB4CEtIQ/KTCLI2Fwf3ataSXRhYFkQi3SlnFwPvPQ=="
    },
    "which@2.0.2": {
      "integrity": "sha512-BLI3Tl1TW3Pvl70l3yq3Y64i+awpwXqsGBYWkkqMtnbXgrMD+yj7rhW0kuEDxzJaYXGjEW5ogapKNMEKNMjibA==",
      "dependencies": [
        "isexe"
      ],
      "bin": true
    },
    "ws@8.18.3": {
      "integrity": "sha512-PEIGCY5tSlUt50cqyMXfCzX+oOPqN0vuGqWzbcJ2xvnkzkq46oOpz7dQaTDBdfICb4N14+GARUDw2XV2N4tvzg=="
    },
    "yoctocolors@2.1.1": {
      "integrity": "sha512-GQHQqAopRhwU8Kt1DDM8NjibDXHC8eoh1erhGAJPEyveY9qqVeXvVikNKrDz69sHowPMorbPUrH/mx8c50eiBQ=="
    },
    "zod@4.0.17": {
      "integrity": "sha512-1PHjlYRevNxxdy2JZ8JcNAw7rX8V9P1AKkP+x/xZfxB0K5FYfuV+Ug6P/6NVSR2jHQ+FzDDoDHS04nYUsOIyLQ=="
    }
  },
  "workspace": {
    "dependencies": [
      "npm:@hono/zod-validator@~0.7.2",
      "npm:@valtown/ls-ws-server@^0.0.10",
      "npm:hono@^4.9.1",
      "npm:vscode-languageserver-protocol@^3.17.5",
      "npm:zod@^4.0.17"
    ]
  }
}
